// !$*UTF8*$!
{
	archiveVersion = 1;
	classes = {
	};
	objectVersion = 48;
	objects = {

/* Begin PBXBuildFile section */
		AF7A98B71FF945DB004B22E4 /* AppDelegate.swift in Sources */ = {isa = PBXBuildFile; fileRef = AF7A98B61FF945DB004B22E4 /* AppDelegate.swift */; };
		AF7A98B91FF945DB004B22E4 /* ViewController.swift in Sources */ = {isa = PBXBuildFile; fileRef = AF7A98B81FF945DB004B22E4 /* ViewController.swift */; };
		AF7A98BC1FF945DB004B22E4 /* Main.storyboard in Resources */ = {isa = PBXBuildFile; fileRef = AF7A98BA1FF945DB004B22E4 /* Main.storyboard */; };
		AF7A98BE1FF945DB004B22E4 /* Assets.xcassets in Resources */ = {isa = PBXBuildFile; fileRef = AF7A98BD1FF945DB004B22E4 /* Assets.xcassets */; };
		AF7A98C11FF945DB004B22E4 /* LaunchScreen.storyboard in Resources */ = {isa = PBXBuildFile; fileRef = AF7A98BF1FF945DB004B22E4 /* LaunchScreen.storyboard */; };
		AF7A98C91FF94681004B22E4 /* User.swift in Sources */ = {isa = PBXBuildFile; fileRef = AF7A98C81FF94681004B22E4 /* User.swift */; };
		AF7A98CB1FF94808004B22E4 /* Tweet.swift in Sources */ = {isa = PBXBuildFile; fileRef = AF7A98CA1FF94808004B22E4 /* Tweet.swift */; };
		AF7A98CD1FF948E7004B22E4 /* TimelineViewController.swift in Sources */ = {isa = PBXBuildFile; fileRef = AF7A98CC1FF948E7004B22E4 /* TimelineViewController.swift */; };
		AF7A98CF1FF9F3B1004B22E4 /* TweetTableViewCell.swift in Sources */ = {isa = PBXBuildFile; fileRef = AF7A98CE1FF9F3B1004B22E4 /* TweetTableViewCell.swift */; };
/* End PBXBuildFile section */

/* Begin PBXFileReference section */
		AF7A98B31FF945DB004B22E4 /* TwitterClient.app */ = {isa = PBXFileReference; explicitFileType = wrapper.application; includeInIndex = 0; path = TwitterClient.app; sourceTree = BUILT_PRODUCTS_DIR; };
		AF7A98B61FF945DB004B22E4 /* AppDelegate.swift */ = {isa = PBXFileReference; lastKnownFileType = sourcecode.swift; path = AppDelegate.swift; sourceTree = "<group>"; };
		AF7A98B81FF945DB004B22E4 /* ViewController.swift */ = {isa = PBXFileReference; lastKnownFileType = sourcecode.swift; path = ViewController.swift; sourceTree = "<group>"; };
		AF7A98BB1FF945DB004B22E4 /* Base */ = {isa = PBXFileReference; lastKnownFileType = file.storyboard; name = Base; path = Base.lproj/Main.storyboard; sourceTree = "<group>"; };
		AF7A98BD1FF945DB004B22E4 /* Assets.xcassets */ = {isa = PBXFileReference; lastKnownFileType = folder.assetcatalog; path = Assets.xcassets; sourceTree = "<group>"; };
		AF7A98C01FF945DB004B22E4 /* Base */ = {isa = PBXFileReference; lastKnownFileType = file.storyboard; name = Base; path = Base.lproj/LaunchScreen.storyboard; sourceTree = "<group>"; };
		AF7A98C21FF945DB004B22E4 /* Info.plist */ = {isa = PBXFileReference; lastKnownFileType = text.plist.xml; path = Info.plist; sourceTree = "<group>"; };
		AF7A98C81FF94681004B22E4 /* User.swift */ = {isa = PBXFileReference; lastKnownFileType = sourcecode.swift; path = User.swift; sourceTree = "<group>"; };
		AF7A98CA1FF94808004B22E4 /* Tweet.swift */ = {isa = PBXFileReference; lastKnownFileType = sourcecode.swift; path = Tweet.swift; sourceTree = "<group>"; };
		AF7A98CC1FF948E7004B22E4 /* TimelineViewController.swift */ = {isa = PBXFileReference; lastKnownFileType = sourcecode.swift; path = TimelineViewController.swift; sourceTree = "<group>"; };
		AF7A98CE1FF9F3B1004B22E4 /* TweetTableViewCell.swift */ = {isa = PBXFileReference; lastKnownFileType = sourcecode.swift; path = TweetTableViewCell.swift; sourceTree = "<group>"; };
/* End PBXFileReference section */

/* Begin PBXFrameworksBuildPhase section */
		AF7A98B01FF945DB004B22E4 /* Frameworks */ = {
			isa = PBXFrameworksBuildPhase;
			buildActionMask = 2147483647;
			files = (
			);
			runOnlyForDeploymentPostprocessing = 0;
		};
/* End PBXFrameworksBuildPhase section */

/* Begin PBXGroup section */
		AF7A98AA1FF945DB004B22E4 = {
			isa = PBXGroup;
			children = (
				AF7A98B51FF945DB004B22E4 /* TwitterClient */,
				AF7A98B41FF945DB004B22E4 /* Products */,
			);
			sourceTree = "<group>";
		};
		AF7A98B41FF945DB004B22E4 /* Products */ = {
			isa = PBXGroup;
			children = (
				AF7A98B31FF945DB004B22E4 /* TwitterClient.app */,
			);
			name = Products;
			sourceTree = "<group>";
		};
		AF7A98B51FF945DB004B22E4 /* TwitterClient */ = {
			isa = PBXGroup;
			children = (
				AF7A98B61FF945DB004B22E4 /* AppDelegate.swift */,
				AF7A98B81FF945DB004B22E4 /* ViewController.swift */,
				AF7A98C81FF94681004B22E4 /* User.swift */,
				AF7A98CA1FF94808004B22E4 /* Tweet.swift */,
				AF7A98CC1FF948E7004B22E4 /* TimelineViewController.swift */,
				AF7A98BA1FF945DB004B22E4 /* Main.storyboard */,
				AF7A98CE1FF9F3B1004B22E4 /* TweetTableViewCell.swift */,
				AF7A98BD1FF945DB004B22E4 /* Assets.xcassets */,
				AF7A98BF1FF945DB004B22E4 /* LaunchScreen.storyboard */,
				AF7A98C21FF945DB004B22E4 /* Info.plist */,
			);
			path = TwitterClient;
			sourceTree = "<group>";
		};
/* End PBXGroup section */

/* Begin PBXNativeTarget section */
		AF7A98B21FF945DB004B22E4 /* TwitterClient */ = {
			isa = PBXNativeTarget;
			buildConfigurationList = AF7A98C51FF945DB004B22E4 /* Build configuration list for PBXNativeTarget "TwitterClient" */;
			buildPhases = (
				AF7A98AF1FF945DB004B22E4 /* Sources */,
				AF7A98B01FF945DB004B22E4 /* Frameworks */,
				AF7A98B11FF945DB004B22E4 /* Resources */,
			);
			buildRules = (
			);
			dependencies = (
			);
			name = TwitterClient;
			productName = TwitterClient;
			productReference = AF7A98B31FF945DB004B22E4 /* TwitterClient.app */;
			productType = "com.apple.product-type.application";
		};
/* End PBXNativeTarget section */

/* Begin PBXProject section */
		AF7A98AB1FF945DB004B22E4 /* Project object */ = {
			isa = PBXProject;
			attributes = {
				LastSwiftUpdateCheck = 0910;
				LastUpgradeCheck = 0910;
				ORGANIZATIONNAME = "福嶋瞭";
				TargetAttributes = {
					AF7A98B21FF945DB004B22E4 = {
						CreatedOnToolsVersion = 9.1;
						ProvisioningStyle = Automatic;
					};
				};
			};
			buildConfigurationList = AF7A98AE1FF945DB004B22E4 /* Build configuration list for PBXProject "TwitterClient" */;
			compatibilityVersion = "Xcode 8.0";
			developmentRegion = en;
			hasScannedForEncodings = 0;
			knownRegions = (
				en,
				Base,
			);
			mainGroup = AF7A98AA1FF945DB004B22E4;
			productRefGroup = AF7A98B41FF945DB004B22E4 /* Products */;
			projectDirPath = "";
			projectRoot = "";
			targets = (
				AF7A98B21FF945DB004B22E4 /* TwitterClient */,
			);
		};
/* End PBXProject section */

/* Begin PBXResourcesBuildPhase section */
		AF7A98B11FF945DB004B22E4 /* Resources */ = {
			isa = PBXResourcesBuildPhase;
			buildActionMask = 2147483647;
			files = (
				AF7A98C11FF945DB004B22E4 /* LaunchScreen.storyboard in Resources */,
				AF7A98BE1FF945DB004B22E4 /* Assets.xcassets in Resources */,
				AF7A98BC1FF945DB004B22E4 /* Main.storyboard in Resources */,
			);
			runOnlyForDeploymentPostprocessing = 0;
		};
/* End PBXResourcesBuildPhase section */

/* Begin PBXSourcesBuildPhase section */
		AF7A98AF1FF945DB004B22E4 /* Sources */ = {
			isa = PBXSourcesBuildPhase;
			buildActionMask = 2147483647;
			files = (
				AF7A98B91FF945DB004B22E4 /* ViewController.swift in Sources */,
				AF7A98B71FF945DB004B22E4 /* AppDelegate.swift in Sources */,
				AF7A98C91FF94681004B22E4 /* User.swift in Sources */,
				AF7A98CB1FF94808004B22E4 /* Tweet.swift in Sources */,
				AF7A98CD1FF948E7004B22E4 /* TimelineViewController.swift in Sources */,
				AF7A98CF1FF9F3B1004B22E4 /* TweetTableViewCell.swift in Sources */,
			);
			runOnlyForDeploymentPostprocessing = 0;
		};
/* End PBXSourcesBuildPhase section */

/* Begin PBXVariantGroup section */
		AF7A98BA1FF945DB004B22E4 /* Main.storyboard */ = {
			isa = PBXVariantGroup;
			children = (
				AF7A98BB1FF945DB004B22E4 /* Base */,
			);
			name = Main.storyboard;
			sourceTree = "<group>";
		};
		AF7A98BF1FF945DB004B22E4 /* LaunchScreen.storyboard */ = {
			isa = PBXVariantGroup;
			children = (
				AF7A98C01FF945DB004B22E4 /* Base */,
			);
			name = LaunchScreen.storyboard;
			sourceTree = "<group>";
		};
/* End PBXVariantGroup section */

/* Begin XCBuildConfiguration section */
		AF7A98C31FF945DB004B22E4 /* Debug */ = {
			isa = XCBuildConfiguration;
			buildSettings = {
				ALWAYS_SEARCH_USER_PATHS = NO;
				CLANG_ANALYZER_NONNULL = YES;
				CLANG_ANALYZER_NUMBER_OBJECT_CONVERSION = YES_AGGRESSIVE;
				CLANG_CXX_LANGUAGE_STANDARD = "gnu++14";
				CLANG_CXX_LIBRARY = "libc++";
				CLANG_ENABLE_MODULES = YES;
				CLANG_ENABLE_OBJC_ARC = YES;
				CLANG_WARN_BLOCK_CAPTURE_AUTORELEASING = YES;
				CLANG_WARN_BOOL_CONVERSION = YES;
				CLANG_WARN_COMMA = YES;
				CLANG_WARN_CONSTANT_CONVERSION = YES;
				CLANG_WARN_DIRECT_OBJC_ISA_USAGE = YES_ERROR;
				CLANG_WARN_DOCUMENTATION_COMMENTS = YES;
				CLANG_WARN_EMPTY_BODY = YES;
				CLANG_WARN_ENUM_CONVERSION = YES;
				CLANG_WARN_INFINITE_RECURSION = YES;
				CLANG_WARN_INT_CONVERSION = YES;
				CLANG_WARN_NON_LITERAL_NULL_CONVERSION = YES;
				CLANG_WARN_OBJC_LITERAL_CONVERSION = YES;
				CLANG_WARN_OBJC_ROOT_CLASS = YES_ERROR;
				CLANG_WARN_RANGE_LOOP_ANALYSIS = YES;
				CLANG_WARN_STRICT_PROTOTYPES = YES;
				CLANG_WARN_SUSPICIOUS_MOVE = YES;
				CLANG_WARN_UNGUARDED_AVAILABILITY = YES_AGGRESSIVE;
				CLANG_WARN_UNREACHABLE_CODE = YES;
				CLANG_WARN__DUPLICATE_METHOD_MATCH = YES;
				CODE_SIGN_IDENTITY = "iPhone Developer";
				COPY_PHASE_STRIP = NO;
				DEBUG_INFORMATION_FORMAT = dwarf;
				ENABLE_STRICT_OBJC_MSGSEND = YES;
				ENABLE_TESTABILITY = YES;
				GCC_C_LANGUAGE_STANDARD = gnu11;
				GCC_DYNAMIC_NO_PIC = NO;
				GCC_NO_COMMON_BLOCKS = YES;
				GCC_OPTIMIZATION_LEVEL = 0;
				GCC_PREPROCESSOR_DEFINITIONS = (
					"DEBUG=1",
					"$(inherited)",
				);
				GCC_WARN_64_TO_32_BIT_CONVERSION = YES;
				GCC_WARN_ABOUT_RETURN_TYPE = YES_ERROR;
				GCC_WARN_UNDECLARED_SELECTOR = YES;
				GCC_WARN_UNINITIALIZED_AUTOS = YES_AGGRESSIVE;
				GCC_WARN_UNUSED_FUNCTION = YES;
				GCC_WARN_UNUSED_VARIABLE = YES;
				IPHONEOS_DEPLOYMENT_TARGET = 11.1;
				MTL_ENABLE_DEBUG_INFO = YES;
				ONLY_ACTIVE_ARCH = YES;
				SDKROOT = iphoneos;
				SWIFT_ACTIVE_COMPILATION_CONDITIONS = DEBUG;
				SWIFT_OPTIMIZATION_LEVEL = "-Onone";
			};
			name = Debug;
		};
		AF7A98C41FF945DB004B22E4 /* Release */ = {
			isa = XCBuildConfiguration;
			buildSettings = {
				ALWAYS_SEARCH_USER_PATHS = NO;
				CLANG_ANALYZER_NONNULL = YES;
				CLANG_ANALYZER_NUMBER_OBJECT_CONVERSION = YES_AGGRESSIVE;
				CLANG_CXX_LANGUAGE_STANDARD = "gnu++14";
				CLANG_CXX_LIBRARY = "libc++";
				CLANG_ENABLE_MODULES = YES;
				CLANG_ENABLE_OBJC_ARC = YES;
				CLANG_WARN_BLOCK_CAPTURE_AUTORELEASING = YES;
				CLANG_WARN_BOOL_CONVERSION = YES;
				CLANG_WARN_COMMA = YES;
				CLANG_WARN_CONSTANT_CONVERSION = YES;
				CLANG_WARN_DIRECT_OBJC_ISA_USAGE = YES_ERROR;
				CLANG_WARN_DOCUMENTATION_COMMENTS = YES;
				CLANG_WARN_EMPTY_BODY = YES;
				CLANG_WARN_ENUM_CONVERSION = YES;
				CLANG_WARN_INFINITE_RECURSION = YES;
				CLANG_WARN_INT_CONVERSION = YES;
				CLANG_WARN_NON_LITERAL_NULL_CONVERSION = YES;
				CLANG_WARN_OBJC_LITERAL_CONVERSION = YES;
				CLANG_WARN_OBJC_ROOT_CLASS = YES_ERROR;
				CLANG_WARN_RANGE_LOOP_ANALYSIS = YES;
				CLANG_WARN_STRICT_PROTOTYPES = YES;
				CLANG_WARN_SUSPICIOUS_MOVE = YES;
				CLANG_WARN_UNGUARDED_AVAILABILITY = YES_AGGRESSIVE;
				CLANG_WARN_UNREACHABLE_CODE = YES;
				CLANG_WARN__DUPLICATE_METHOD_MATCH = YES;
				CODE_SIGN_IDENTITY = "iPhone Developer";
				COPY_PHASE_STRIP = NO;
				DEBUG_INFORMATION_FORMAT = "dwarf-with-dsym";
				ENABLE_NS_ASSERTIONS = NO;
				ENABLE_STRICT_OBJC_MSGSEND = YES;
				GCC_C_LANGUAGE_STANDARD = gnu11;
				GCC_NO_COMMON_BLOCKS = YES;
				GCC_WARN_64_TO_32_BIT_CONVERSION = YES;
				GCC_WARN_ABOUT_RETURN_TYPE = YES_ERROR;
				GCC_WARN_UNDECLARED_SELECTOR = YES;
				GCC_WARN_UNINITIALIZED_AUTOS = YES_AGGRESSIVE;
				GCC_WARN_UNUSED_FUNCTION = YES;
				GCC_WARN_UNUSED_VARIABLE = YES;
				IPHONEOS_DEPLOYMENT_TARGET = 11.1;
				MTL_ENABLE_DEBUG_INFO = NO;
				SDKROOT = iphoneos;
				SWIFT_OPTIMIZATION_LEVEL = "-Owholemodule";
				VALIDATE_PRODUCT = YES;
			};
			name = Release;
		};
		AF7A98C61FF945DB004B22E4 /* Debug */ = {
			isa = XCBuildConfiguration;
			buildSettings = {
				ASSETCATALOG_COMPILER_APPICON_NAME = AppIcon;
				CODE_SIGN_STYLE = Automatic;
				DEVELOPMENT_TEAM = 392KZ7LV89;
				INFOPLIST_FILE = TwitterClient/Info.plist;
				LD_RUNPATH_SEARCH_PATHS = "$(inherited) @executable_path/Frameworks";
				PRODUCT_BUNDLE_IDENTIFIER = com.putchom.TwitterClient;
				PRODUCT_NAME = "$(TARGET_NAME)";
				SWIFT_VERSION = 4.0;
				TARGETED_DEVICE_FAMILY = "1,2";
			};
			name = Debug;
		};
		AF7A98C71FF945DB004B22E4 /* Release */ = {
			isa = XCBuildConfiguration;
			buildSettings = {
				ASSETCATALOG_COMPILER_APPICON_NAME = AppIcon;
				CODE_SIGN_STYLE = Automatic;
				DEVELOPMENT_TEAM = 392KZ7LV89;
				INFOPLIST_FILE = TwitterClient/Info.plist;
				LD_RUNPATH_SEARCH_PATHS = "$(inherited) @executable_path/Frameworks";
				PRODUCT_BUNDLE_IDENTIFIER = com.putchom.TwitterClient;
				PRODUCT_NAME = "$(TARGET_NAME)";
				SWIFT_VERSION = 4.0;
				TARGETED_DEVICE_FAMILY = "1,2";
			};
			name = Release;
		};
/* End XCBuildConfiguration section */

/* Begin XCConfigurationList section */
		AF7A98AE1FF945DB004B22E4 /* Build configuration list for PBXProject "TwitterClient" */ = {
			isa = XCConfigurationList;
			buildConfigurations = (
				AF7A98C31FF945DB004B22E4 /* Debug */,
				AF7A98C41FF945DB004B22E4 /* Release */,
			);
			defaultConfigurationIsVisible = 0;
			defaultConfigurationName = Release;
		};
		AF7A98C51FF945DB004B22E4 /* Build configuration list for PBXNativeTarget "TwitterClient" */ = {
			isa = XCConfigurationList;
			buildConfigurations = (
				AF7A98C61FF945DB004B22E4 /* Debug */,
				AF7A98C71FF945DB004B22E4 /* Release */,
			);
			defaultConfigurationIsVisible = 0;
			defaultConfigurationName = Release;
		};
/* End XCConfigurationList section */
	};
	rootObject = AF7A98AB1FF945DB004B22E4 /* Project object */;
}
